# grok-core — ZABLOKOWANE wersje (P3-6, powtarzalność buildów).
#
# Pełny, przypięty snapshot venv backendu (wynik `pip freeze`), by instalacja była
# bajtowo-powtarzalna (CI, build instalatora, audyt). Zawiera też łańcuch BUILD
# (pyinstaller* — instalowany przez build_sidecar.ps1 do tego samego venv).
#
#   Instalacja powtarzalna:   pip install -r requirements.lock
#   Minimalny runtime (luźny): pip install -r requirements.txt   (tylko bezpośrednie zależności)
#   Regeneracja:              grok_core\.venv\Scripts\python -m pip freeze > requirements.lock
#                             (lub pip-compile requirements.txt -o requirements.lock)
#
# Pominięto pip/setuptools/wheel (bootstrap — nie przypinamy w locku).
# Platforma snapshotu: Windows / CPython 3.11.

altgraph==0.17.5
annotated-doc==0.0.4
annotated-types==0.7.0
anyio==4.13.0
certifi==2026.5.20
charset-normalizer==3.4.7
click==8.4.1
colorama==0.4.6
fastapi==0.136.3
h11==0.16.0
httptools==0.8.0
idna==3.18
packaging==26.2
pefile==2024.8.26
pillow==12.2.0
pydantic==2.13.4
pydantic_core==2.46.4
pyinstaller==6.20.0
pyinstaller-hooks-contrib==2026.5
python-dotenv==1.2.2
pywin32-ctypes==0.2.3
pywinpty==3.0.3
PyYAML==6.0.3
regex==2026.5.9
requests==2.34.2
starlette==1.2.1
typing-inspection==0.4.2
typing_extensions==4.15.0
urllib3==2.7.0
uvicorn==0.48.0
watchfiles==1.2.0
websockets==16.0
